// !$*UTF8*$!
{
	archiveVersion = 1;
	classes = {
	};
	objectVersion = 46;
	objects = {

/* Begin PBXBuildFile section */
		171BE6F71D174FE400833D37 /* OpenGL.framework in Frameworks */ = {isa = PBXBuildFile; fileRef = 171BE6F61D174FE400833D37 /* OpenGL.framework */; };
		171BE6F91D1753F100833D37 /* GLUT.framework in Frameworks */ = {isa = PBXBuildFile; fileRef = 171BE6F81D1753F100833D37 /* GLUT.framework */; };
		17B98B8F1D173767006F81F8 /* main.cpp in Sources */ = {isa = PBXBuildFile; fileRef = 17B98B8E1D173767006F81F8 /* main.cpp */; };
/* End PBXBuildFile section */

/* Begin PBXCopyFilesBuildPhase section */
		17B98B891D173767006F81F8 /* CopyFiles */ = {
			isa = PBXCopyFilesBuildPhase;
			buildActionMask = 2147483647;
			dstPath = /usr/share/man/man1/;
			dstSubfolderSpec = 0;
			files = (
			);
			runOnlyForDeploymentPostprocessing = 1;
		};
/* End PBXCopyFilesBuildPhase section */

/* Begin PBXFileReference section */
		171BE6F61D174FE400833D37 /* OpenGL.framework */ = {isa = PBXFileReference; lastKnownFileType = wrapper.framework; name = OpenGL.framework; path = System/Library/Frameworks/OpenGL.framework; sourceTree = SDKROOT; };
		171BE6F81D1753F100833D37 /* GLUT.framework */ = {isa = PBXFileReference; lastKnownFileType = wrapper.framework; name = GLUT.framework; path = System/Library/Frameworks/GLUT.framework; sourceTree = SDKROOT; };
		17B98B8B1D173767006F81F8 /* TetsuoAPP */ = {isa = PBXFileReference; explicitFileType = "compiled.mach-o.executable"; includeInIndex = 0; path = TetsuoAPP; sourceTree = BUILT_PRODUCTS_DIR; };
		17B98B8E1D173767006F81F8 /* main.cpp */ = {isa = PBXFileReference; lastKnownFileType = sourcecode.cpp.cpp; path = main.cpp; sourceTree = "<group>"; };
/* End PBXFileReference section */

/* Begin PBXFrameworksBuildPhase section */
		17B98B881D173767006F81F8 /* Frameworks */ = {
			isa = PBXFrameworksBuildPhase;
			buildActionMask = 2147483647;
			files = (
				171BE6F91D1753F100833D37 /* GLUT.framework in Frameworks */,
				171BE6F71D174FE400833D37 /* OpenGL.framework in Frameworks */,
			);
			runOnlyForDeploymentPostprocessing = 0;
		};
/* End PBXFrameworksBuildPhase section */

/* Begin PBXGroup section */
		17B98B821D173766006F81F8 = {
			isa = PBXGroup;
			children = (
				171BE6F81D1753F100833D37 /* GLUT.framework */,
				171BE6F61D174FE400833D37 /* OpenGL.framework */,
				17B98B8D1D173767006F81F8 /* TetsuoAPP */,
				17B98B8C1D173767006F81F8 /* Products */,
			);
			sourceTree = "<group>";
		};
		17B98B8C1D173767006F81F8 /* Products */ = {
			isa = PBXGroup;
			children = (
				17B98B8B1D173767006F81F8 /* TetsuoAPP */,
			);
			name = Products;
			sourceTree = "<group>";
		};
		17B98B8D1D173767006F81F8 /* TetsuoAPP */ = {
			isa = PBXGroup;
			children = (
				17B98B8E1D173767006F81F8 /* main.cpp */,
			);
			path = TetsuoAPP;
			sourceTree = "<group>";
		};
/* End PBXGroup section */

/* Begin PBXNativeTarget section */
		17B98B8A1D173767006F81F8 /* TetsuoAPP */ = {
			isa = PBXNativeTarget;
			buildConfigurationList = 17B98B921D173767006F81F8 /* Build configuration list for PBXNativeTarget "TetsuoAPP" */;
			buildPhases = (
				17B98B871D173767006F81F8 /* Sources */,
				17B98B881D173767006F81F8 /* Frameworks */,
				17B98B891D173767006F81F8 /* CopyFiles */,
			);
			buildRules = (
			);
			dependencies = (
			);
			name = TetsuoAPP;
			productName = TetsuoAPP;
			productReference = 17B98B8B1D173767006F81F8 /* TetsuoAPP */;
			productType = "com.apple.product-type.tool";
		};
/* End PBXNativeTarget section */

/* Begin PBXProject section */
		17B98B831D173766006F81F8 /* Project object */ = {
			isa = PBXProject;
			attributes = {
				LastUpgradeCheck = 0730;
				ORGANIZATIONNAME = mathieu8g;
				TargetAttributes = {
					17B98B8A1D173767006F81F8 = {
						CreatedOnToolsVersion = 7.3.1;
					};
				};
			};
			buildConfigurationList = 17B98B861D173766006F81F8 /* Build configuration list for PBXProject "TetsuoAPP" */;
			compatibilityVersion = "Xcode 3.2";
			developmentRegion = English;
			hasScannedForEncodings = 0;
			knownRegions = (
				en,
			);
			mainGroup = 17B98B821D173766006F81F8;
			productRefGroup = 17B98B8C1D173767006F81F8 /* Products */;
			projectDirPath = "";
			projectRoot = "";
			targets = (
				17B98B8A1D173767006F81F8 /* TetsuoAPP */,
			);
		};
/* End PBXProject section */

/* Begin PBXSourcesBuildPhase section */
		17B98B871D173767006F81F8 /* Sources */ = {
			isa = PBXSourcesBuildPhase;
			buildActionMask = 2147483647;
			files = (
				17B98B8F1D173767006F81F8 /* main.cpp in Sources */,
			);
			runOnlyForDeploymentPostprocessing = 0;
		};
/* End PBXSourcesBuildPhase section */

/* Begin XCBuildConfiguration section */
		17B98B901D173767006F81F8 /* Debug */ = {
			isa = XCBuildConfiguration;
			buildSettings = {
				ALWAYS_SEARCH_USER_PATHS = NO;
				CLANG_ANALYZER_NONNULL = YES;
				CLANG_CXX_LANGUAGE_STANDARD = "gnu++0x";
				CLANG_CXX_LIBRARY = "libc++";
				CLANG_ENABLE_MODULES = YES;
				CLANG_ENABLE_OBJC_ARC = YES;
				CLANG_WARN_BOOL_CONVERSION = YES;
				CLANG_WARN_CONSTANT_CONVERSION = YES;
				CLANG_WARN_DIRECT_OBJC_ISA_USAGE = YES_ERROR;
				CLANG_WARN_EMPTY_BODY = YES;
				CLANG_WARN_ENUM_CONVERSION = YES;
				CLANG_WARN_INT_CONVERSION = YES;
				CLANG_WARN_OBJC_ROOT_CLASS = YES_ERROR;
				CLANG_WARN_UNREACHABLE_CODE = YES;
				CLANG_WARN__DUPLICATE_METHOD_MATCH = YES;
				CODE_SIGN_IDENTITY = "-";
				COPY_PHASE_STRIP = NO;
				DEBUG_INFORMATION_FORMAT = dwarf;
				ENABLE_STRICT_OBJC_MSGSEND = YES;
				ENABLE_TESTABILITY = YES;
				GCC_C_LANGUAGE_STANDARD = gnu99;
				GCC_DYNAMIC_NO_PIC = NO;
				GCC_NO_COMMON_BLOCKS = YES;
				GCC_OPTIMIZATION_LEVEL = 0;
				GCC_PREPROCESSOR_DEFINITIONS = (
					"DEBUG=1",
					"$(inherited)",
				);
				GCC_WARN_64_TO_32_BIT_CONVERSION = YES;
				GCC_WARN_ABOUT_RETURN_TYPE = YES_ERROR;
				GCC_WARN_UNDECLARED_SELECTOR = YES;
				GCC_WARN_UNINITIALIZED_AUTOS = YES_AGGRESSIVE;
				GCC_WARN_UNUSED_FUNCTION = YES;
				GCC_WARN_UNUSED_VARIABLE = YES;
				MACOSX_DEPLOYMENT_TARGET = 10.11;
				MTL_ENABLE_DEBUG_INFO = YES;
				ONLY_ACTIVE_ARCH = YES;
				SDKROOT = macosx;
			};
			name = Debug;
		};
		17B98B911D173767006F81F8 /* Release */ = {
			isa = XCBuildConfiguration;
			buildSettings = {
				ALWAYS_SEARCH_USER_PATHS = NO;
				CLANG_ANALYZER_NONNULL = YES;
				CLANG_CXX_LANGUAGE_STANDARD = "gnu++0x";
				CLANG_CXX_LIBRARY = "libc++";
				CLANG_ENABLE_MODULES = YES;
				CLANG_ENABLE_OBJC_ARC = YES;
				CLANG_WARN_BOOL_CONVERSION = YES;
				CLANG_WARN_CONSTANT_CONVERSION = YES;
				CLANG_WARN_DIRECT_OBJC_ISA_USAGE = YES_ERROR;
				CLANG_WARN_EMPTY_BODY = YES;
				CLANG_WARN_ENUM_CONVERSION = YES;
				CLANG_WARN_INT_CONVERSION = YES;
				CLANG_WARN_OBJC_ROOT_CLASS = YES_ERROR;
				CLANG_WARN_UNREACHABLE_CODE = YES;
				CLANG_WARN__DUPLICATE_METHOD_MATCH = YES;
				CODE_SIGN_IDENTITY = "-";
				COPY_PHASE_STRIP = NO;
				DEBUG_INFORMATION_FORMAT = "dwarf-with-dsym";
				ENABLE_NS_ASSERTIONS = NO;
				ENABLE_STRICT_OBJC_MSGSEND = YES;
				GCC_C_LANGUAGE_STANDARD = gnu99;
				GCC_NO_COMMON_BLOCKS = YES;
				GCC_WARN_64_TO_32_BIT_CONVERSION = YES;
				GCC_WARN_ABOUT_RETURN_TYPE = YES_ERROR;
				GCC_WARN_UNDECLARED_SELECTOR = YES;
				GCC_WARN_UNINITIALIZED_AUTOS = YES_AGGRESSIVE;
				GCC_WARN_UNUSED_FUNCTION = YES;
				GCC_WARN_UNUSED_VARIABLE = YES;
				MACOSX_DEPLOYMENT_TARGET = 10.11;
				MTL_ENABLE_DEBUG_INFO = NO;
				SDKROOT = macosx;
			};
			name = Release;
		};
		17B98B931D173767006F81F8 /* Debug */ = {
			isa = XCBuildConfiguration;
			buildSettings = {
				HEADER_SEARCH_PATHS = (
					/usr/local/include/eigen3/,
					/usr/local/include/SDL/,
					/usr/local/include/glbinding/,
					/usr/local/include/glm/,
				);
				OTHER_CPLUSPLUSFLAGS = (
					"$(OTHER_CFLAGS)",
					"-I",
					/usr/local/include/eigen3/,
				);
				PRODUCT_NAME = "$(TARGET_NAME)";
			};
			name = Debug;
		};
		17B98B941D173767006F81F8 /* Release */ = {
			isa = XCBuildConfiguration;
			buildSettings = {
				HEADER_SEARCH_PATHS = (
					/usr/local/include/eigen3/,
					/usr/local/include/SDL/,
					/usr/local/include/glbinding/,
					/usr/local/include/glm/,
				);
				OTHER_CPLUSPLUSFLAGS = (
					"$(OTHER_CFLAGS)",
					"-I",
					/usr/local/include/eigen3/,
				);
				PRODUCT_NAME = "$(TARGET_NAME)";
			};
			name = Release;
		};
/* End XCBuildConfiguration section */

/* Begin XCConfigurationList section */
		17B98B861D173766006F81F8 /* Build configuration list for PBXProject "TetsuoAPP" */ = {
			isa = XCConfigurationList;
			buildConfigurations = (
				17B98B901D173767006F81F8 /* Debug */,
				17B98B911D173767006F81F8 /* Release */,
			);
			defaultConfigurationIsVisible = 0;
			defaultConfigurationName = Release;
		};
		17B98B921D173767006F81F8 /* Build configuration list for PBXNativeTarget "TetsuoAPP" */ = {
			isa = XCConfigurationList;
			buildConfigurations = (
				17B98B931D173767006F81F8 /* Debug */,
				17B98B941D173767006F81F8 /* Release */,
			);
			defaultConfigurationIsVisible = 0;
			defaultConfigurationName = Release;
		};
/* End XCConfigurationList section */
	};
	rootObject = 17B98B831D173766006F81F8 /* Project object */;
}
